// !$*UTF8*$!
{
	archiveVersion = 1;
	classes = {
	};
	objectVersion = 56;
	objects = {

/* Begin PBXBuildFile section */
		A10000010000000000000001 /* AlistApp.swift in Sources */ = {isa = PBXBuildFile; fileRef = A20000010000000000000001 /* AlistApp.swift */; };
		A10000010000000000000002 /* AppModel.swift in Sources */ = {isa = PBXBuildFile; fileRef = A20000010000000000000002 /* AppModel.swift */; };
		A10000010000000000000003 /* BackgroundKeepAlive.swift in Sources */ = {isa = PBXBuildFile; fileRef = A20000010000000000000003 /* BackgroundKeepAlive.swift */; };
		A10000010000000000000004 /* ContentView.swift in Sources */ = {isa = PBXBuildFile; fileRef = A20000010000000000000004 /* ContentView.swift */; };
		A10000010000000000000005 /* WebView.swift in Sources */ = {isa = PBXBuildFile; fileRef = A20000010000000000000005 /* WebView.swift */; };
		A1000001000000000000000C /* AppDelegate.swift in Sources */ = {isa = PBXBuildFile; fileRef = A2000001000000000000000F /* AppDelegate.swift */; };
		A1000001000000000000000D /* KeychainStore.swift in Sources */ = {isa = PBXBuildFile; fileRef = A20000010000000000000010 /* KeychainStore.swift */; };
		A10000010000000000000006 /* AlistCore.xcframework in Frameworks */ = {isa = PBXBuildFile; fileRef = A20000010000000000000006 /* AlistCore.xcframework */; };
		A10000010000000000000007 /* WebKit.framework in Frameworks */ = {isa = PBXBuildFile; fileRef = A20000010000000000000007 /* WebKit.framework */; };
		A10000010000000000000008 /* Network.framework in Frameworks */ = {isa = PBXBuildFile; fileRef = A20000010000000000000008 /* Network.framework */; };
		A1000001000000000000000A /* BackgroundTasks.framework in Frameworks */ = {isa = PBXBuildFile; fileRef = A2000001000000000000000A /* BackgroundTasks.framework */; };
		A1000001000000000000000B /* CoreLocation.framework in Frameworks */ = {isa = PBXBuildFile; fileRef = A2000001000000000000000B /* CoreLocation.framework */; };
/* End PBXBuildFile section */

/* Begin PBXFileReference section */
		A20000010000000000000001 /* AlistApp.swift */ = {isa = PBXFileReference; lastKnownFileType = sourcecode.swift; path = AlistApp.swift; sourceTree = "<group>"; };
		A20000010000000000000002 /* AppModel.swift */ = {isa = PBXFileReference; lastKnownFileType = sourcecode.swift; path = AppModel.swift; sourceTree = "<group>"; };
		A20000010000000000000003 /* BackgroundKeepAlive.swift */ = {isa = PBXFileReference; lastKnownFileType = sourcecode.swift; path = BackgroundKeepAlive.swift; sourceTree = "<group>"; };
		A20000010000000000000004 /* ContentView.swift */ = {isa = PBXFileReference; lastKnownFileType = sourcecode.swift; path = ContentView.swift; sourceTree = "<group>"; };
		A20000010000000000000005 /* WebView.swift */ = {isa = PBXFileReference; lastKnownFileType = sourcecode.swift; path = WebView.swift; sourceTree = "<group>"; };
		A2000001000000000000000F /* AppDelegate.swift */ = {isa = PBXFileReference; lastKnownFileType = sourcecode.swift; path = AppDelegate.swift; sourceTree = "<group>"; };
		A20000010000000000000010 /* KeychainStore.swift */ = {isa = PBXFileReference; lastKnownFileType = sourcecode.swift; path = KeychainStore.swift; sourceTree = "<group>"; };
		A20000010000000000000006 /* AlistCore.xcframework */ = {isa = PBXFileReference; lastKnownFileType = wrapper.xcframework; path = ../../build/AlistCore.xcframework; sourceTree = "<group>"; };
		A20000010000000000000007 /* WebKit.framework */ = {isa = PBXFileReference; lastKnownFileType = wrapper.framework; name = WebKit.framework; path = System/Library/Frameworks/WebKit.framework; sourceTree = SDKROOT; };
		A20000010000000000000008 /* Network.framework */ = {isa = PBXFileReference; lastKnownFileType = wrapper.framework; name = Network.framework; path = System/Library/Frameworks/Network.framework; sourceTree = SDKROOT; };
		A2000001000000000000000A /* BackgroundTasks.framework */ = {isa = PBXFileReference; lastKnownFileType = wrapper.framework; name = BackgroundTasks.framework; path = System/Library/Frameworks/BackgroundTasks.framework; sourceTree = SDKROOT; };
		A2000001000000000000000B /* CoreLocation.framework */ = {isa = PBXFileReference; lastKnownFileType = wrapper.framework; name = CoreLocation.framework; path = System/Library/Frameworks/CoreLocation.framework; sourceTree = SDKROOT; };
		A2000001000000000000000C /* Info.plist */ = {isa = PBXFileReference; lastKnownFileType = text.plist.xml; path = Info.plist; sourceTree = "<group>"; };
		A2000001000000000000000D /* AlistApp.entitlements */ = {isa = PBXFileReference; lastKnownFileType = text.plist.entitlements; path = AlistApp.entitlements; sourceTree = "<group>"; };
		A2000001000000000000000E /* Alist.app */ = {isa = PBXFileReference; explicitFileType = wrapper.application; includeInIndex = 0; path = Alist.app; sourceTree = BUILT_PRODUCTS_DIR; };
/* End PBXFileReference section */

/* Begin PBXFrameworksBuildPhase section */
		A30000010000000000000001 /* Frameworks */ = {
			isa = PBXFrameworksBuildPhase;
			buildActionMask = 2147483647;
			files = (
				A10000010000000000000006 /* AlistCore.xcframework in Frameworks */,
				A10000010000000000000007 /* WebKit.framework in Frameworks */,
				A10000010000000000000008 /* Network.framework in Frameworks */,
				A1000001000000000000000A /* BackgroundTasks.framework in Frameworks */,
				A1000001000000000000000B /* CoreLocation.framework in Frameworks */,
			);
			runOnlyForDeploymentPostprocessing = 0;
		};
/* End PBXFrameworksBuildPhase section */

/* Begin PBXGroup section */
		A40000010000000000000001 = {
			isa = PBXGroup;
			children = (
				A40000010000000000000002 /* Sources */,
				A40000010000000000000003 /* Frameworks */,
				A2000001000000000000000C /* Info.plist */,
				A2000001000000000000000D /* AlistApp.entitlements */,
				A40000010000000000000004 /* Products */,
			);
			sourceTree = "<group>";
		};
		A40000010000000000000002 /* Sources */ = {isa = PBXGroup; children = (A20000010000000000000001, A20000010000000000000002, A20000010000000000000003, A20000010000000000000004, A20000010000000000000005, A2000001000000000000000F, A20000010000000000000010); name = Sources; sourceTree = "<group>"; };
		A40000010000000000000003 /* Frameworks */ = {isa = PBXGroup; children = (A20000010000000000000006, A20000010000000000000007, A20000010000000000000008, A2000001000000000000000A, A2000001000000000000000B); name = Frameworks; sourceTree = "<group>"; };
		A40000010000000000000004 /* Products */ = {isa = PBXGroup; children = (A2000001000000000000000E); name = Products; sourceTree = "<group>"; };
/* End PBXGroup section */

/* Begin PBXNativeTarget section */
		A50000010000000000000001 = {
			isa = PBXNativeTarget;
			buildConfigurationList = A60000010000000000000002;
			buildPhases = (A30000010000000000000002, A30000010000000000000001, A30000010000000000000003);
			buildRules = ();
			dependencies = ();
			name = Alist;
			productName = Alist;
			productReference = A2000001000000000000000E;
			productType = "com.apple.product-type.application";
		};
/* End PBXNativeTarget section */

/* Begin PBXProject section */
		A50000010000000000000002 = {
			isa = PBXProject;
			buildConfigurationList = A60000010000000000000001;
			compatibilityVersion = "Xcode 14.0";
			developmentRegion = en;
			hasScannedForEncodings = 0;
			knownRegions = (en, Base);
			mainGroup = A40000010000000000000001;
			productRefGroup = A40000010000000000000004;
			projectDirPath = "";
			projectRoot = "";
			targets = (A50000010000000000000001);
		};
/* End PBXProject section */

/* Begin PBXResourcesBuildPhase section */
		A30000010000000000000003 /* Resources */ = {isa = PBXResourcesBuildPhase; buildActionMask = 2147483647; files = (); runOnlyForDeploymentPostprocessing = 0; };
/* End PBXResourcesBuildPhase section */

/* Begin PBXSourcesBuildPhase section */
		A30000010000000000000002 /* Sources */ = {
			isa = PBXSourcesBuildPhase;
			buildActionMask = 2147483647;
			files = (A10000010000000000000001, A10000010000000000000002, A10000010000000000000003, A10000010000000000000004, A10000010000000000000005, A1000001000000000000000C, A1000001000000000000000D);
			runOnlyForDeploymentPostprocessing = 0;
		};
/* End PBXSourcesBuildPhase section */

/* Begin XCBuildConfiguration section */
		A70000010000000000000001 /* Debug */ = {isa = XCBuildConfiguration; buildSettings = { ALWAYS_SEARCH_USER_PATHS = NO; CLANG_ENABLE_MODULES = YES; CODE_SIGN_STYLE = Automatic; CURRENT_PROJECT_VERSION = 1; DEBUG_INFORMATION_FORMAT = dwarf; DEVELOPMENT_TEAM = ""; ENABLE_PREVIEWS = YES; GENERATE_INFOPLIST_FILE = NO; INFOPLIST_FILE = Info.plist; IPHONEOS_DEPLOYMENT_TARGET = 17.0; PRODUCT_BUNDLE_IDENTIFIER = com.example.Alist; PRODUCT_NAME = "$(TARGET_NAME)"; SWIFT_OPTIMIZATION_LEVEL = "-Onone"; SWIFT_VERSION = 5.0; TARGETED_DEVICE_FAMILY = "1,2"; }; name = Debug; };
		A70000010000000000000002 /* Release */ = {isa = XCBuildConfiguration; buildSettings = { ALWAYS_SEARCH_USER_PATHS = NO; CLANG_ENABLE_MODULES = YES; CODE_SIGN_STYLE = Automatic; CURRENT_PROJECT_VERSION = 1; DEBUG_INFORMATION_FORMAT = "dwarf-with-dsym"; DEVELOPMENT_TEAM = ""; ENABLE_PREVIEWS = YES; GENERATE_INFOPLIST_FILE = NO; INFOPLIST_FILE = Info.plist; IPHONEOS_DEPLOYMENT_TARGET = 17.0; PRODUCT_BUNDLE_IDENTIFIER = com.example.Alist; PRODUCT_NAME = "$(TARGET_NAME)"; SWIFT_OPTIMIZATION_LEVEL = "-O"; SWIFT_VERSION = 5.0; TARGETED_DEVICE_FAMILY = "1,2"; }; name = Release; };
		A70000010000000000000003 /* Target Debug */ = {isa = XCBuildConfiguration; buildSettings = { CODE_SIGN_ENTITLEMENTS = AlistApp.entitlements; FRAMEWORK_SEARCH_PATHS = "$(PROJECT_DIR)/../../build"; LD_RUNPATH_SEARCH_PATHS = "$(inherited) @executable_path/Frameworks"; }; name = Debug; };
		A70000010000000000000004 /* Target Release */ = {isa = XCBuildConfiguration; buildSettings = { CODE_SIGN_ENTITLEMENTS = AlistApp.entitlements; FRAMEWORK_SEARCH_PATHS = "$(PROJECT_DIR)/../../build"; LD_RUNPATH_SEARCH_PATHS = "$(inherited) @executable_path/Frameworks"; }; name = Release; };
/* End XCBuildConfiguration section */

/* Begin XCConfigurationList section */
		A60000010000000000000001 /* Project configuration list */ = {isa = XCConfigurationList; buildConfigurations = (A70000010000000000000001, A70000010000000000000002); defaultConfigurationIsVisible = 0; defaultConfigurationName = Release; };
		A60000010000000000000002 /* Target configuration list */ = {isa = XCConfigurationList; buildConfigurations = (A70000010000000000000003, A70000010000000000000004); defaultConfigurationIsVisible = 0; defaultConfigurationName = Release; };
/* End XCConfigurationList section */
	};
	rootObject = A50000010000000000000002;
}
